# THIS IS AN AUTOGENERATED FILE. DO NOT EDIT THIS FILE DIRECTLY.
# yarn lockfile v1


deploy@^1.0.3:
  version "1.0.3"
  resolved "https://registry.yarnpkg.com/deploy/-/deploy-1.0.3.tgz#ab846f5e228610054556d9b73df0b2f45af84fb0"
  integrity sha512-muJVK8p8idCiE+8JaQzvGD+vS3KtoJYx6jLu0Bq36vl7bOJVpm9dZGgoHFi89kI88oHdwa32TUTZ0exYyT0KLQ==

lodash.merge@^4.6.2:
  version "4.6.2"
  resolved "https://registry.yarnpkg.com/lodash.merge/-/lodash.merge-4.6.2.tgz#558aa53b43b661e1925a0afdfa36a9a1085fe57a"
  integrity sha512-0KpjqXRVvrYyCsX1swR/XTK0va6VQkQM6MNo7PqW77ByjAhoARA8EfrP1N4+KlKj8YS0ZUCtRT/YUuhyYDujIQ==

lodash.set@^4.3.2:
  version "4.3.2"
  resolved "https://registry.yarnpkg.com/lodash.set/-/lodash.set-4.3.2.tgz#d8757b1da807dde24816b0d6a84bea1a76230b23"
  integrity sha512-4hNPN5jlm/N/HLMCO43v8BXKq9Z7QdAGc/VGrRD61w8gN9g/6jF9A4L1pbUgBLCffi0w9VsXfTOij5x8iTyFvg==

lodash.size@^4.2.0:
  version "4.2.0"
  resolved "https://registry.yarnpkg.com/lodash.size/-/lodash.size-4.2.0.tgz#71fe75ed3eabdb2bcb73a1b0b4f51c392ee27b86"
  integrity sha512-wbu3SF1XC5ijqm0piNxw59yCbuUf2kaShumYBLWUrcCvwh6C8odz6SY/wGVzCWTQTFL/1Ygbvqg2eLtspUVVAQ==
